
Microsoft Visual Studio Solution File, Format Version 12.00
# Visual Studio 14
VisualStudioVersion = 14.0.23107.0
MinimumVisualStudioVersion = 10.0.40219.1
Project("{FAE04EC0-301F-11D3-BF4B-00C04F79EFBC}") = "hw3_5", "hw3_5\hw3_5.csproj", "{0C5A0E84-AE1D-4210-AF26-D7F714E74098}"
EndProject
Global
	GlobalSection(SolutionConfigurationPlatforms) = preSolution
		Debug|Any CPU = Debug|Any CPU
		Release|Any CPU = Release|Any CPU
	EndGlobalSection
	GlobalSection(ProjectConfigurationPlatforms) = postSolution
		{0C5A0E84-AE1D-4210-AF26-D7F714E74098}.Debug|Any CPU.ActiveCfg = Debug|Any CPU
		{0C5A0E84-AE1D-4210-AF26-D7F714E74098}.Debug|Any CPU.Build.0 = Debug|Any CPU
		{0C5A0E84-AE1D-4210-AF26-D7F714E74098}.Release|Any CPU.ActiveCfg = Release|Any CPU
		{0C5A0E84-AE1D-4210-AF26-D7F714E74098}.Release|Any CPU.Build.0 = Release|Any CPU
	EndGlobalSection
	GlobalSection(SolutionProperties) = preSolution
		HideSolutionNode = FALSE
	EndGlobalSection
EndGlobal
