
Microsoft Visual Studio Solution File, Format Version 12.00
# Visual Studio 14
VisualStudioVersion = 14.0.24720.0
MinimumVisualStudioVersion = 10.0.40219.1
Project("{FAE04EC0-301F-11D3-BF4B-00C04F79EFBC}") = "LabWorkMDIapplications.Сard-index", "LabWorkMDIapplications.Сard-index\LabWorkMDIapplications.Сard-index.csproj", "{8C7108B9-A59D-4C1F-8145-75A23FFF706B}"
EndProject
Project("{FAE04EC0-301F-11D3-BF4B-00C04F79EFBC}") = "LabWorkMDIapplications.DateBase", "LabWorkMDIapplications.DateBase\LabWorkMDIapplications.DateBase.csproj", "{0E133268-4A0C-45C8-99C1-5492CD2CE079}"
EndProject
Global
	GlobalSection(SolutionConfigurationPlatforms) = preSolution
		Debug|Any CPU = Debug|Any CPU
		Release|Any CPU = Release|Any CPU
	EndGlobalSection
	GlobalSection(ProjectConfigurationPlatforms) = postSolution
		{8C7108B9-A59D-4C1F-8145-75A23FFF706B}.Debug|Any CPU.ActiveCfg = Debug|Any CPU
		{8C7108B9-A59D-4C1F-8145-75A23FFF706B}.Debug|Any CPU.Build.0 = Debug|Any CPU
		{8C7108B9-A59D-4C1F-8145-75A23FFF706B}.Release|Any CPU.ActiveCfg = Release|Any CPU
		{8C7108B9-A59D-4C1F-8145-75A23FFF706B}.Release|Any CPU.Build.0 = Release|Any CPU
		{0E133268-4A0C-45C8-99C1-5492CD2CE079}.Debug|Any CPU.ActiveCfg = Debug|Any CPU
		{0E133268-4A0C-45C8-99C1-5492CD2CE079}.Debug|Any CPU.Build.0 = Debug|Any CPU
		{0E133268-4A0C-45C8-99C1-5492CD2CE079}.Release|Any CPU.ActiveCfg = Release|Any CPU
		{0E133268-4A0C-45C8-99C1-5492CD2CE079}.Release|Any CPU.Build.0 = Release|Any CPU
	EndGlobalSection
	GlobalSection(SolutionProperties) = preSolution
		HideSolutionNode = FALSE
	EndGlobalSection
EndGlobal
